
Microsoft Visual Studio Solution File, Format Version 12.00
# Visual Studio 14
VisualStudioVersion = 14.0.25123.0
MinimumVisualStudioVersion = 10.0.40219.1
Project("{FAE04EC0-301F-11D3-BF4B-00C04F79EFBC}") = "C1_ArraysStrings", "C1_ArraysStrings\C1_ArraysStrings.csproj", "{EFBA878C-65D5-4287-AA4A-7BCCF0AD779C}"
EndProject
Project("{FAE04EC0-301F-11D3-BF4B-00C04F79EFBC}") = "C1_ArraysStrings.Tests", "C1_ArraysStrings.Tests\C1_ArraysStrings.Tests.csproj", "{A2262218-1815-4A9E-B16F-5B4E67BC21E5}"
EndProject
Project("{FAE04EC0-301F-11D3-BF4B-00C04F79EFBC}") = "DependencyInjectionExample", "DependencyInjectionExample\DependencyInjectionExample.csproj", "{F6414499-464E-4F30-A3F5-415DD0A35DCE}"
EndProject
Project("{FAE04EC0-301F-11D3-BF4B-00C04F79EFBC}") = "PracticeDependencyInjection1", "PracticeDependencyInjection1\PracticeDependencyInjection1.csproj", "{B6D69872-64E9-4B9D-80CD-4BD01B8571B1}"
EndProject
Project("{FAE04EC0-301F-11D3-BF4B-00C04F79EFBC}") = "InversionOfControl", "InversionOfControl\InversionOfControl.csproj", "{66BA2D9E-DE37-496D-B241-F8A1E8856680}"
EndProject
Project("{FAE04EC0-301F-11D3-BF4B-00C04F79EFBC}") = "C1_3_RemoveDupChars", "C1_3_RemoveDupChars\C1_3_RemoveDupChars.csproj", "{2B7B2674-6167-4A36-898B-85BE88E79DA2}"
EndProject
Project("{FAE04EC0-301F-11D3-BF4B-00C04F79EFBC}") = "C3_StacksAndQueues", "C3_StacksAndQueues\C3_StacksAndQueues.csproj", "{99D1F8B7-CC1B-435C-9F12-2EC70843B49E}"
EndProject
Project("{FAE04EC0-301F-11D3-BF4B-00C04F79EFBC}") = "TestConsole", "TestConsole\TestConsole.csproj", "{2C87E8F6-70BF-434D-A9CD-BE8D60C06849}"
EndProject
Project("{FAE04EC0-301F-11D3-BF4B-00C04F79EFBC}") = "MiscLib", "MiscLib\MiscLib.csproj", "{3E7B3D13-9477-4F54-BA5B-DB5722FCD416}"
EndProject
Project("{FAE04EC0-301F-11D3-BF4B-00C04F79EFBC}") = "C4_Graph", "C4_Graph\C4_Graph.csproj", "{DCB461E1-F218-41BD-A60C-3DA5850280E7}"
EndProject
Project("{FAE04EC0-301F-11D3-BF4B-00C04F79EFBC}") = "C8_Recursion", "C8_Recursion\C8_Recursion.csproj", "{8AD8D13F-D45B-44FF-8E5D-514464EB6101}"
EndProject
Project("{FAE04EC0-301F-11D3-BF4B-00C04F79EFBC}") = "C2_LinkedList", "C2_LinkedList\C2_LinkedList.csproj", "{E8DDDE1E-856C-4F21-8238-C0846DCEADB7}"
EndProject
Project("{8BC9CEB8-8B4A-11D0-8D11-00A0C91BC942}") = "CPlusPlus", "CPlusPlus\CPlusPlus.vcxproj", "{D16EA5EB-7AC7-4A10-88F3-92E978338A8F}"
EndProject
Project("{FAE04EC0-301F-11D3-BF4B-00C04F79EFBC}") = "DP", "DP\DP.csproj", "{92339071-149E-4852-B377-A5180B9D67EF}"
EndProject
Global
	GlobalSection(SolutionConfigurationPlatforms) = preSolution
		Debug|Any CPU = Debug|Any CPU
		Debug|x64 = Debug|x64
		Debug|x86 = Debug|x86
		Release|Any CPU = Release|Any CPU
		Release|x64 = Release|x64
		Release|x86 = Release|x86
	EndGlobalSection
	GlobalSection(ProjectConfigurationPlatforms) = postSolution
		{EFBA878C-65D5-4287-AA4A-7BCCF0AD779C}.Debug|Any CPU.ActiveCfg = Debug|Any CPU
		{EFBA878C-65D5-4287-AA4A-7BCCF0AD779C}.Debug|Any CPU.Build.0 = Debug|Any CPU
		{EFBA878C-65D5-4287-AA4A-7BCCF0AD779C}.Debug|x64.ActiveCfg = Debug|Any CPU
		{EFBA878C-65D5-4287-AA4A-7BCCF0AD779C}.Debug|x64.Build.0 = Debug|Any CPU
		{EFBA878C-65D5-4287-AA4A-7BCCF0AD779C}.Debug|x86.ActiveCfg = Debug|Any CPU
		{EFBA878C-65D5-4287-AA4A-7BCCF0AD779C}.Debug|x86.Build.0 = Debug|Any CPU
		{EFBA878C-65D5-4287-AA4A-7BCCF0AD779C}.Release|Any CPU.ActiveCfg = Release|Any CPU
		{EFBA878C-65D5-4287-AA4A-7BCCF0AD779C}.Release|Any CPU.Build.0 = Release|Any CPU
		{EFBA878C-65D5-4287-AA4A-7BCCF0AD779C}.Release|x64.ActiveCfg = Release|Any CPU
		{EFBA878C-65D5-4287-AA4A-7BCCF0AD779C}.Release|x64.Build.0 = Release|Any CPU
		{EFBA878C-65D5-4287-AA4A-7BCCF0AD779C}.Release|x86.ActiveCfg = Release|Any CPU
		{EFBA878C-65D5-4287-AA4A-7BCCF0AD779C}.Release|x86.Build.0 = Release|Any CPU
		{A2262218-1815-4A9E-B16F-5B4E67BC21E5}.Debug|Any CPU.ActiveCfg = Debug|Any CPU
		{A2262218-1815-4A9E-B16F-5B4E67BC21E5}.Debug|Any CPU.Build.0 = Debug|Any CPU
		{A2262218-1815-4A9E-B16F-5B4E67BC21E5}.Debug|x64.ActiveCfg = Debug|Any CPU
		{A2262218-1815-4A9E-B16F-5B4E67BC21E5}.Debug|x64.Build.0 = Debug|Any CPU
		{A2262218-1815-4A9E-B16F-5B4E67BC21E5}.Debug|x86.ActiveCfg = Debug|Any CPU
		{A2262218-1815-4A9E-B16F-5B4E67BC21E5}.Debug|x86.Build.0 = Debug|Any CPU
		{A2262218-1815-4A9E-B16F-5B4E67BC21E5}.Release|Any CPU.ActiveCfg = Release|Any CPU
		{A2262218-1815-4A9E-B16F-5B4E67BC21E5}.Release|Any CPU.Build.0 = Release|Any CPU
		{A2262218-1815-4A9E-B16F-5B4E67BC21E5}.Release|x64.ActiveCfg = Release|Any CPU
		{A2262218-1815-4A9E-B16F-5B4E67BC21E5}.Release|x64.Build.0 = Release|Any CPU
		{A2262218-1815-4A9E-B16F-5B4E67BC21E5}.Release|x86.ActiveCfg = Release|Any CPU
		{A2262218-1815-4A9E-B16F-5B4E67BC21E5}.Release|x86.Build.0 = Release|Any CPU
		{F6414499-464E-4F30-A3F5-415DD0A35DCE}.Debug|Any CPU.ActiveCfg = Debug|Any CPU
		{F6414499-464E-4F30-A3F5-415DD0A35DCE}.Debug|Any CPU.Build.0 = Debug|Any CPU
		{F6414499-464E-4F30-A3F5-415DD0A35DCE}.Debug|x64.ActiveCfg = Debug|Any CPU
		{F6414499-464E-4F30-A3F5-415DD0A35DCE}.Debug|x64.Build.0 = Debug|Any CPU
		{F6414499-464E-4F30-A3F5-415DD0A35DCE}.Debug|x86.ActiveCfg = Debug|Any CPU
		{F6414499-464E-4F30-A3F5-415DD0A35DCE}.Debug|x86.Build.0 = Debug|Any CPU
		{F6414499-464E-4F30-A3F5-415DD0A35DCE}.Release|Any CPU.ActiveCfg = Release|Any CPU
		{F6414499-464E-4F30-A3F5-415DD0A35DCE}.Release|Any CPU.Build.0 = Release|Any CPU
		{F6414499-464E-4F30-A3F5-415DD0A35DCE}.Release|x64.ActiveCfg = Release|Any CPU
		{F6414499-464E-4F30-A3F5-415DD0A35DCE}.Release|x64.Build.0 = Release|Any CPU
		{F6414499-464E-4F30-A3F5-415DD0A35DCE}.Release|x86.ActiveCfg = Release|Any CPU
		{F6414499-464E-4F30-A3F5-415DD0A35DCE}.Release|x86.Build.0 = Release|Any CPU
		{B6D69872-64E9-4B9D-80CD-4BD01B8571B1}.Debug|Any CPU.ActiveCfg = Debug|Any CPU
		{B6D69872-64E9-4B9D-80CD-4BD01B8571B1}.Debug|Any CPU.Build.0 = Debug|Any CPU
		{B6D69872-64E9-4B9D-80CD-4BD01B8571B1}.Debug|x64.ActiveCfg = Debug|Any CPU
		{B6D69872-64E9-4B9D-80CD-4BD01B8571B1}.Debug|x64.Build.0 = Debug|Any CPU
		{B6D69872-64E9-4B9D-80CD-4BD01B8571B1}.Debug|x86.ActiveCfg = Debug|Any CPU
		{B6D69872-64E9-4B9D-80CD-4BD01B8571B1}.Debug|x86.Build.0 = Debug|Any CPU
		{B6D69872-64E9-4B9D-80CD-4BD01B8571B1}.Release|Any CPU.ActiveCfg = Release|Any CPU
		{B6D69872-64E9-4B9D-80CD-4BD01B8571B1}.Release|Any CPU.Build.0 = Release|Any CPU
		{B6D69872-64E9-4B9D-80CD-4BD01B8571B1}.Release|x64.ActiveCfg = Release|Any CPU
		{B6D69872-64E9-4B9D-80CD-4BD01B8571B1}.Release|x64.Build.0 = Release|Any CPU
		{B6D69872-64E9-4B9D-80CD-4BD01B8571B1}.Release|x86.ActiveCfg = Release|Any CPU
		{B6D69872-64E9-4B9D-80CD-4BD01B8571B1}.Release|x86.Build.0 = Release|Any CPU
		{66BA2D9E-DE37-496D-B241-F8A1E8856680}.Debug|Any CPU.ActiveCfg = Debug|Any CPU
		{66BA2D9E-DE37-496D-B241-F8A1E8856680}.Debug|Any CPU.Build.0 = Debug|Any CPU
		{66BA2D9E-DE37-496D-B241-F8A1E8856680}.Debug|x64.ActiveCfg = Debug|Any CPU
		{66BA2D9E-DE37-496D-B241-F8A1E8856680}.Debug|x64.Build.0 = Debug|Any CPU
		{66BA2D9E-DE37-496D-B241-F8A1E8856680}.Debug|x86.ActiveCfg = Debug|Any CPU
		{66BA2D9E-DE37-496D-B241-F8A1E8856680}.Debug|x86.Build.0 = Debug|Any CPU
		{66BA2D9E-DE37-496D-B241-F8A1E8856680}.Release|Any CPU.ActiveCfg = Release|Any CPU
		{66BA2D9E-DE37-496D-B241-F8A1E8856680}.Release|Any CPU.Build.0 = Release|Any CPU
		{66BA2D9E-DE37-496D-B241-F8A1E8856680}.Release|x64.ActiveCfg = Release|Any CPU
		{66BA2D9E-DE37-496D-B241-F8A1E8856680}.Release|x64.Build.0 = Release|Any CPU
		{66BA2D9E-DE37-496D-B241-F8A1E8856680}.Release|x86.ActiveCfg = Release|Any CPU
		{66BA2D9E-DE37-496D-B241-F8A1E8856680}.Release|x86.Build.0 = Release|Any CPU
		{2B7B2674-6167-4A36-898B-85BE88E79DA2}.Debug|Any CPU.ActiveCfg = Debug|Any CPU
		{2B7B2674-6167-4A36-898B-85BE88E79DA2}.Debug|Any CPU.Build.0 = Debug|Any CPU
		{2B7B2674-6167-4A36-898B-85BE88E79DA2}.Debug|x64.ActiveCfg = Debug|Any CPU
		{2B7B2674-6167-4A36-898B-85BE88E79DA2}.Debug|x64.Build.0 = Debug|Any CPU
		{2B7B2674-6167-4A36-898B-85BE88E79DA2}.Debug|x86.ActiveCfg = Debug|Any CPU
		{2B7B2674-6167-4A36-898B-85BE88E79DA2}.Debug|x86.Build.0 = Debug|Any CPU
		{2B7B2674-6167-4A36-898B-85BE88E79DA2}.Release|Any CPU.ActiveCfg = Release|Any CPU
		{2B7B2674-6167-4A36-898B-85BE88E79DA2}.Release|Any CPU.Build.0 = Release|Any CPU
		{2B7B2674-6167-4A36-898B-85BE88E79DA2}.Release|x64.ActiveCfg = Release|Any CPU
		{2B7B2674-6167-4A36-898B-85BE88E79DA2}.Release|x64.Build.0 = Release|Any CPU
		{2B7B2674-6167-4A36-898B-85BE88E79DA2}.Release|x86.ActiveCfg = Release|Any CPU
		{2B7B2674-6167-4A36-898B-85BE88E79DA2}.Release|x86.Build.0 = Release|Any CPU
		{99D1F8B7-CC1B-435C-9F12-2EC70843B49E}.Debug|Any CPU.ActiveCfg = Debug|Any CPU
		{99D1F8B7-CC1B-435C-9F12-2EC70843B49E}.Debug|Any CPU.Build.0 = Debug|Any CPU
		{99D1F8B7-CC1B-435C-9F12-2EC70843B49E}.Debug|x64.ActiveCfg = Debug|Any CPU
		{99D1F8B7-CC1B-435C-9F12-2EC70843B49E}.Debug|x64.Build.0 = Debug|Any CPU
		{99D1F8B7-CC1B-435C-9F12-2EC70843B49E}.Debug|x86.ActiveCfg = Debug|Any CPU
		{99D1F8B7-CC1B-435C-9F12-2EC70843B49E}.Debug|x86.Build.0 = Debug|Any CPU
		{99D1F8B7-CC1B-435C-9F12-2EC70843B49E}.Release|Any CPU.ActiveCfg = Release|Any CPU
		{99D1F8B7-CC1B-435C-9F12-2EC70843B49E}.Release|Any CPU.Build.0 = Release|Any CPU
		{99D1F8B7-CC1B-435C-9F12-2EC70843B49E}.Release|x64.ActiveCfg = Release|Any CPU
		{99D1F8B7-CC1B-435C-9F12-2EC70843B49E}.Release|x64.Build.0 = Release|Any CPU
		{99D1F8B7-CC1B-435C-9F12-2EC70843B49E}.Release|x86.ActiveCfg = Release|Any CPU
		{99D1F8B7-CC1B-435C-9F12-2EC70843B49E}.Release|x86.Build.0 = Release|Any CPU
		{2C87E8F6-70BF-434D-A9CD-BE8D60C06849}.Debug|Any CPU.ActiveCfg = Debug|Any CPU
		{2C87E8F6-70BF-434D-A9CD-BE8D60C06849}.Debug|Any CPU.Build.0 = Debug|Any CPU
		{2C87E8F6-70BF-434D-A9CD-BE8D60C06849}.Debug|x64.ActiveCfg = Debug|Any CPU
		{2C87E8F6-70BF-434D-A9CD-BE8D60C06849}.Debug|x64.Build.0 = Debug|Any CPU
		{2C87E8F6-70BF-434D-A9CD-BE8D60C06849}.Debug|x86.ActiveCfg = Debug|Any CPU
		{2C87E8F6-70BF-434D-A9CD-BE8D60C06849}.Debug|x86.Build.0 = Debug|Any CPU
		{2C87E8F6-70BF-434D-A9CD-BE8D60C06849}.Release|Any CPU.ActiveCfg = Release|Any CPU
		{2C87E8F6-70BF-434D-A9CD-BE8D60C06849}.Release|Any CPU.Build.0 = Release|Any CPU
		{2C87E8F6-70BF-434D-A9CD-BE8D60C06849}.Release|x64.ActiveCfg = Release|Any CPU
		{2C87E8F6-70BF-434D-A9CD-BE8D60C06849}.Release|x64.Build.0 = Release|Any CPU
		{2C87E8F6-70BF-434D-A9CD-BE8D60C06849}.Release|x86.ActiveCfg = Release|Any CPU
		{2C87E8F6-70BF-434D-A9CD-BE8D60C06849}.Release|x86.Build.0 = Release|Any CPU
		{3E7B3D13-9477-4F54-BA5B-DB5722FCD416}.Debug|Any CPU.ActiveCfg = Debug|Any CPU
		{3E7B3D13-9477-4F54-BA5B-DB5722FCD416}.Debug|Any CPU.Build.0 = Debug|Any CPU
		{3E7B3D13-9477-4F54-BA5B-DB5722FCD416}.Debug|x64.ActiveCfg = Debug|Any CPU
		{3E7B3D13-9477-4F54-BA5B-DB5722FCD416}.Debug|x64.Build.0 = Debug|Any CPU
		{3E7B3D13-9477-4F54-BA5B-DB5722FCD416}.Debug|x86.ActiveCfg = Debug|Any CPU
		{3E7B3D13-9477-4F54-BA5B-DB5722FCD416}.Debug|x86.Build.0 = Debug|Any CPU
		{3E7B3D13-9477-4F54-BA5B-DB5722FCD416}.Release|Any CPU.ActiveCfg = Release|Any CPU
		{3E7B3D13-9477-4F54-BA5B-DB5722FCD416}.Release|Any CPU.Build.0 = Release|Any CPU
		{3E7B3D13-9477-4F54-BA5B-DB5722FCD416}.Release|x64.ActiveCfg = Release|Any CPU
		{3E7B3D13-9477-4F54-BA5B-DB5722FCD416}.Release|x64.Build.0 = Release|Any CPU
		{3E7B3D13-9477-4F54-BA5B-DB5722FCD416}.Release|x86.ActiveCfg = Release|Any CPU
		{3E7B3D13-9477-4F54-BA5B-DB5722FCD416}.Release|x86.Build.0 = Release|Any CPU
		{DCB461E1-F218-41BD-A60C-3DA5850280E7}.Debug|Any CPU.ActiveCfg = Debug|Any CPU
		{DCB461E1-F218-41BD-A60C-3DA5850280E7}.Debug|Any CPU.Build.0 = Debug|Any CPU
		{DCB461E1-F218-41BD-A60C-3DA5850280E7}.Debug|x64.ActiveCfg = Debug|Any CPU
		{DCB461E1-F218-41BD-A60C-3DA5850280E7}.Debug|x64.Build.0 = Debug|Any CPU
		{DCB461E1-F218-41BD-A60C-3DA5850280E7}.Debug|x86.ActiveCfg = Debug|Any CPU
		{DCB461E1-F218-41BD-A60C-3DA5850280E7}.Debug|x86.Build.0 = Debug|Any CPU
		{DCB461E1-F218-41BD-A60C-3DA5850280E7}.Release|Any CPU.ActiveCfg = Release|Any CPU
		{DCB461E1-F218-41BD-A60C-3DA5850280E7}.Release|Any CPU.Build.0 = Release|Any CPU
		{DCB461E1-F218-41BD-A60C-3DA5850280E7}.Release|x64.ActiveCfg = Release|Any CPU
		{DCB461E1-F218-41BD-A60C-3DA5850280E7}.Release|x64.Build.0 = Release|Any CPU
		{DCB461E1-F218-41BD-A60C-3DA5850280E7}.Release|x86.ActiveCfg = Release|Any CPU
		{DCB461E1-F218-41BD-A60C-3DA5850280E7}.Release|x86.Build.0 = Release|Any CPU
		{8AD8D13F-D45B-44FF-8E5D-514464EB6101}.Debug|Any CPU.ActiveCfg = Debug|Any CPU
		{8AD8D13F-D45B-44FF-8E5D-514464EB6101}.Debug|Any CPU.Build.0 = Debug|Any CPU
		{8AD8D13F-D45B-44FF-8E5D-514464EB6101}.Debug|x64.ActiveCfg = Debug|Any CPU
		{8AD8D13F-D45B-44FF-8E5D-514464EB6101}.Debug|x64.Build.0 = Debug|Any CPU
		{8AD8D13F-D45B-44FF-8E5D-514464EB6101}.Debug|x86.ActiveCfg = Debug|Any CPU
		{8AD8D13F-D45B-44FF-8E5D-514464EB6101}.Debug|x86.Build.0 = Debug|Any CPU
		{8AD8D13F-D45B-44FF-8E5D-514464EB6101}.Release|Any CPU.ActiveCfg = Release|Any CPU
		{8AD8D13F-D45B-44FF-8E5D-514464EB6101}.Release|Any CPU.Build.0 = Release|Any CPU
		{8AD8D13F-D45B-44FF-8E5D-514464EB6101}.Release|x64.ActiveCfg = Release|Any CPU
		{8AD8D13F-D45B-44FF-8E5D-514464EB6101}.Release|x64.Build.0 = Release|Any CPU
		{8AD8D13F-D45B-44FF-8E5D-514464EB6101}.Release|x86.ActiveCfg = Release|Any CPU
		{8AD8D13F-D45B-44FF-8E5D-514464EB6101}.Release|x86.Build.0 = Release|Any CPU
		{E8DDDE1E-856C-4F21-8238-C0846DCEADB7}.Debug|Any CPU.ActiveCfg = Debug|Any CPU
		{E8DDDE1E-856C-4F21-8238-C0846DCEADB7}.Debug|Any CPU.Build.0 = Debug|Any CPU
		{E8DDDE1E-856C-4F21-8238-C0846DCEADB7}.Debug|x64.ActiveCfg = Debug|Any CPU
		{E8DDDE1E-856C-4F21-8238-C0846DCEADB7}.Debug|x64.Build.0 = Debug|Any CPU
		{E8DDDE1E-856C-4F21-8238-C0846DCEADB7}.Debug|x86.ActiveCfg = Debug|Any CPU
		{E8DDDE1E-856C-4F21-8238-C0846DCEADB7}.Debug|x86.Build.0 = Debug|Any CPU
		{E8DDDE1E-856C-4F21-8238-C0846DCEADB7}.Release|Any CPU.ActiveCfg = Release|Any CPU
		{E8DDDE1E-856C-4F21-8238-C0846DCEADB7}.Release|Any CPU.Build.0 = Release|Any CPU
		{E8DDDE1E-856C-4F21-8238-C0846DCEADB7}.Release|x64.ActiveCfg = Release|Any CPU
		{E8DDDE1E-856C-4F21-8238-C0846DCEADB7}.Release|x64.Build.0 = Release|Any CPU
		{E8DDDE1E-856C-4F21-8238-C0846DCEADB7}.Release|x86.ActiveCfg = Release|Any CPU
		{E8DDDE1E-856C-4F21-8238-C0846DCEADB7}.Release|x86.Build.0 = Release|Any CPU
		{D16EA5EB-7AC7-4A10-88F3-92E978338A8F}.Debug|Any CPU.ActiveCfg = Debug|Win32
		{D16EA5EB-7AC7-4A10-88F3-92E978338A8F}.Debug|x64.ActiveCfg = Debug|x64
		{D16EA5EB-7AC7-4A10-88F3-92E978338A8F}.Debug|x64.Build.0 = Debug|x64
		{D16EA5EB-7AC7-4A10-88F3-92E978338A8F}.Debug|x86.ActiveCfg = Debug|Win32
		{D16EA5EB-7AC7-4A10-88F3-92E978338A8F}.Debug|x86.Build.0 = Debug|Win32
		{D16EA5EB-7AC7-4A10-88F3-92E978338A8F}.Release|Any CPU.ActiveCfg = Release|Win32
		{D16EA5EB-7AC7-4A10-88F3-92E978338A8F}.Release|x64.ActiveCfg = Release|x64
		{D16EA5EB-7AC7-4A10-88F3-92E978338A8F}.Release|x64.Build.0 = Release|x64
		{D16EA5EB-7AC7-4A10-88F3-92E978338A8F}.Release|x86.ActiveCfg = Release|Win32
		{D16EA5EB-7AC7-4A10-88F3-92E978338A8F}.Release|x86.Build.0 = Release|Win32
		{92339071-149E-4852-B377-A5180B9D67EF}.Debug|Any CPU.ActiveCfg = Debug|Any CPU
		{92339071-149E-4852-B377-A5180B9D67EF}.Debug|Any CPU.Build.0 = Debug|Any CPU
		{92339071-149E-4852-B377-A5180B9D67EF}.Debug|x64.ActiveCfg = Debug|Any CPU
		{92339071-149E-4852-B377-A5180B9D67EF}.Debug|x64.Build.0 = Debug|Any CPU
		{92339071-149E-4852-B377-A5180B9D67EF}.Debug|x86.ActiveCfg = Debug|Any CPU
		{92339071-149E-4852-B377-A5180B9D67EF}.Debug|x86.Build.0 = Debug|Any CPU
		{92339071-149E-4852-B377-A5180B9D67EF}.Release|Any CPU.ActiveCfg = Release|Any CPU
		{92339071-149E-4852-B377-A5180B9D67EF}.Release|Any CPU.Build.0 = Release|Any CPU
		{92339071-149E-4852-B377-A5180B9D67EF}.Release|x64.ActiveCfg = Release|Any CPU
		{92339071-149E-4852-B377-A5180B9D67EF}.Release|x64.Build.0 = Release|Any CPU
		{92339071-149E-4852-B377-A5180B9D67EF}.Release|x86.ActiveCfg = Release|Any CPU
		{92339071-149E-4852-B377-A5180B9D67EF}.Release|x86.Build.0 = Release|Any CPU
	EndGlobalSection
	GlobalSection(SolutionProperties) = preSolution
		HideSolutionNode = FALSE
	EndGlobalSection
EndGlobal
