
Microsoft Visual Studio Solution File, Format Version 12.00
# Visual Studio 15
VisualStudioVersion = 15.0.26403.7
MinimumVisualStudioVersion = 10.0.40219.1
Project("{2150E333-8FDC-42A3-9474-1A3956D46DE8}") = "Algorithms_SedgewickWayne", "Algorithms_SedgewickWayne", "{9B51D0C5-B6FB-4AFF-B320-DB7B058A6080}"
EndProject
Project("{2150E333-8FDC-42A3-9474-1A3956D46DE8}") = "TheAlgorithmDesignManual_Skiena", "TheAlgorithmDesignManual_Skiena", "{4F667530-E091-48C8-8532-1A1AEE7A2308}"
EndProject
Project("{2150E333-8FDC-42A3-9474-1A3956D46DE8}") = "Txt", "Txt", "{293B988C-D910-43BF-BDA2-FC89E4671F45}"
	ProjectSection(SolutionItems) = preProject
		Algorithms_SedgewickWayne\Txt\LargeT.txt = Algorithms_SedgewickWayne\Txt\LargeT.txt
		Algorithms_SedgewickWayne\Txt\LargeW.txt = Algorithms_SedgewickWayne\Txt\LargeW.txt
		Algorithms_SedgewickWayne\Txt\TextFile4.txt = Algorithms_SedgewickWayne\Txt\TextFile4.txt
		Algorithms_SedgewickWayne\Txt\TextFile5.txt = Algorithms_SedgewickWayne\Txt\TextFile5.txt
		Algorithms_SedgewickWayne\Txt\TinyT.txt = Algorithms_SedgewickWayne\Txt\TinyT.txt
		Algorithms_SedgewickWayne\Txt\TinyW.txt = Algorithms_SedgewickWayne\Txt\TinyW.txt
	EndProjectSection
EndProject
Project("{FAE04EC0-301F-11D3-BF4B-00C04F79EFBC}") = "ClientConsole", "Algorithms_SedgewickWayne\ClientConsole\ClientConsole.csproj", "{C5B60561-B1F0-4EE1-9AA7-28F4305FE001}"
EndProject
Project("{2150E333-8FDC-42A3-9474-1A3956D46DE8}") = "HackerRank", "HackerRank", "{B7FB6284-1BB2-4579-9EF1-86DE0EF8254D}"
EndProject
Project("{2150E333-8FDC-42A3-9474-1A3956D46DE8}") = "CrackingTheCodingInterview", "CrackingTheCodingInterview", "{752ACEDB-BDA1-4169-BC18-3B5FE28E2A64}"
EndProject
Project("{FAE04EC0-301F-11D3-BF4B-00C04F79EFBC}") = "C1_3_RemoveDupChars", "CrackingTheCodingInterview\C1_3_RemoveDupChars\C1_3_RemoveDupChars.csproj", "{2B7B2674-6167-4A36-898B-85BE88E79DA2}"
EndProject
Project("{FAE04EC0-301F-11D3-BF4B-00C04F79EFBC}") = "C1_ArraysStrings", "CrackingTheCodingInterview\C1_ArraysStrings\C1_ArraysStrings.csproj", "{EFBA878C-65D5-4287-AA4A-7BCCF0AD779C}"
EndProject
Project("{FAE04EC0-301F-11D3-BF4B-00C04F79EFBC}") = "C1_ArraysStrings.Tests", "CrackingTheCodingInterview\C1_ArraysStrings.Tests\C1_ArraysStrings.Tests.csproj", "{A2262218-1815-4A9E-B16F-5B4E67BC21E5}"
EndProject
Project("{FAE04EC0-301F-11D3-BF4B-00C04F79EFBC}") = "C2_LinkedList", "CrackingTheCodingInterview\C2_LinkedList\C2_LinkedList.csproj", "{E8DDDE1E-856C-4F21-8238-C0846DCEADB7}"
EndProject
Project("{FAE04EC0-301F-11D3-BF4B-00C04F79EFBC}") = "C3_StacksAndQueues", "CrackingTheCodingInterview\C3_StacksAndQueues\C3_StacksAndQueues.csproj", "{99D1F8B7-CC1B-435C-9F12-2EC70843B49E}"
EndProject
Project("{FAE04EC0-301F-11D3-BF4B-00C04F79EFBC}") = "C4_Graph", "CrackingTheCodingInterview\C4_Graph\C4_Graph.csproj", "{DCB461E1-F218-41BD-A60C-3DA5850280E7}"
EndProject
Project("{FAE04EC0-301F-11D3-BF4B-00C04F79EFBC}") = "C8_Recursion", "CrackingTheCodingInterview\C8_Recursion\C8_Recursion.csproj", "{8AD8D13F-D45B-44FF-8E5D-514464EB6101}"
EndProject
Project("{FAE04EC0-301F-11D3-BF4B-00C04F79EFBC}") = "TestConsole", "CrackingTheCodingInterview\TestConsole\TestConsole.csproj", "{2C87E8F6-70BF-434D-A9CD-BE8D60C06849}"
EndProject
Project("{FAE04EC0-301F-11D3-BF4B-00C04F79EFBC}") = "MiscLib", "CrackingTheCodingInterview\MiscLib\MiscLib.csproj", "{3E7B3D13-9477-4F54-BA5B-DB5722FCD416}"
EndProject
Project("{8BC9CEB8-8B4A-11D0-8D11-00A0C91BC942}") = "CPlusPlus", "HackerRank\CPlusPlus\CPlusPlus.vcxproj", "{D16EA5EB-7AC7-4A10-88F3-92E978338A8F}"
EndProject
Project("{FAE04EC0-301F-11D3-BF4B-00C04F79EFBC}") = "DP", "HackerRank\DP\DP.csproj", "{92339071-149E-4852-B377-A5180B9D67EF}"
EndProject
Project("{FAE04EC0-301F-11D3-BF4B-00C04F79EFBC}") = "HackerRankConsole", "HackerRank\HackerRankConsole\HackerRankConsole.csproj", "{9DEC2AEF-24CF-4499-B0D0-0D682F827B35}"
EndProject
Project("{FAE04EC0-301F-11D3-BF4B-00C04F79EFBC}") = "HackerRankLib", "HackerRank\HackerRankLib\HackerRankLib.csproj", "{1DFE401E-45C5-4D0B-A8FC-D71804471BAA}"
EndProject
Project("{FAE04EC0-301F-11D3-BF4B-00C04F79EFBC}") = "FundamentalsChapter", "Algorithms_SedgewickWayne\FundamentalsChapter\FundamentalsChapter.csproj", "{BD6C38A2-DFCD-40A2-8EC4-EE2013B900F2}"
EndProject
Project("{FAE04EC0-301F-11D3-BF4B-00C04F79EFBC}") = "GraphsChapter", "Algorithms_SedgewickWayne\GraphsChapter\GraphsChapter.csproj", "{CAE45598-AB41-4B4F-BB38-BA678F24BF39}"
EndProject
Project("{FAE04EC0-301F-11D3-BF4B-00C04F79EFBC}") = "GraphsChapter.Test.Unit", "Algorithms_SedgewickWayne\GraphsChapter.Test.Unit\GraphsChapter.Test.Unit.csproj", "{98C69A84-380B-4485-9A3F-4477AF375F3E}"
EndProject
Project("{FAE04EC0-301F-11D3-BF4B-00C04F79EFBC}") = "SortingChapter", "SortingChapter\SortingChapter.csproj", "{86374533-53EB-46F6-BCD0-32F35682DA8E}"
EndProject
Project("{FAE04EC0-301F-11D3-BF4B-00C04F79EFBC}") = "C10_SortingAndSearching", "C10_SortingAndSearching\C10_SortingAndSearching.csproj", "{EDC844DB-087B-4E07-B53A-CF466F914569}"
EndProject
Project("{2150E333-8FDC-42A3-9474-1A3956D46DE8}") = "Misc", "Misc", "{DD437C93-5B84-4994-9D1D-B24067E4FE22}"
EndProject
Project("{FAE04EC0-301F-11D3-BF4B-00C04F79EFBC}") = "MiscConsole", "MiscConsole\MiscConsole.csproj", "{AE12B659-4B23-4D7D-A6C3-4ABB578A12B4}"
EndProject
Project("{FAE04EC0-301F-11D3-BF4B-00C04F79EFBC}") = "StringsChapter", "StringsChapter\StringsChapter.csproj", "{14D81732-1F1E-4026-B1C1-7A845ED66930}"
EndProject
Project("{2150E333-8FDC-42A3-9474-1A3956D46DE8}") = "OOP", "OOP", "{753EA8BA-CD0F-4F0B-90D1-0E0D2187B3BC}"
EndProject
Project("{FAE04EC0-301F-11D3-BF4B-00C04F79EFBC}") = "BranchingDemo", "BranchingDemo\BranchingDemo.csproj", "{F78E2E54-D450-4E21-9D76-DB8A2DB05A40}"
EndProject
Global
	GlobalSection(SolutionConfigurationPlatforms) = preSolution
		Debug|Any CPU = Debug|Any CPU
		Debug|x64 = Debug|x64
		Debug|x86 = Debug|x86
		Release|Any CPU = Release|Any CPU
		Release|x64 = Release|x64
		Release|x86 = Release|x86
	EndGlobalSection
	GlobalSection(ProjectConfigurationPlatforms) = postSolution
		{C5B60561-B1F0-4EE1-9AA7-28F4305FE001}.Debug|Any CPU.ActiveCfg = Debug|Any CPU
		{C5B60561-B1F0-4EE1-9AA7-28F4305FE001}.Debug|Any CPU.Build.0 = Debug|Any CPU
		{C5B60561-B1F0-4EE1-9AA7-28F4305FE001}.Debug|x64.ActiveCfg = Debug|Any CPU
		{C5B60561-B1F0-4EE1-9AA7-28F4305FE001}.Debug|x64.Build.0 = Debug|Any CPU
		{C5B60561-B1F0-4EE1-9AA7-28F4305FE001}.Debug|x86.ActiveCfg = Debug|Any CPU
		{C5B60561-B1F0-4EE1-9AA7-28F4305FE001}.Debug|x86.Build.0 = Debug|Any CPU
		{C5B60561-B1F0-4EE1-9AA7-28F4305FE001}.Release|Any CPU.ActiveCfg = Release|Any CPU
		{C5B60561-B1F0-4EE1-9AA7-28F4305FE001}.Release|Any CPU.Build.0 = Release|Any CPU
		{C5B60561-B1F0-4EE1-9AA7-28F4305FE001}.Release|x64.ActiveCfg = Release|Any CPU
		{C5B60561-B1F0-4EE1-9AA7-28F4305FE001}.Release|x64.Build.0 = Release|Any CPU
		{C5B60561-B1F0-4EE1-9AA7-28F4305FE001}.Release|x86.ActiveCfg = Release|Any CPU
		{C5B60561-B1F0-4EE1-9AA7-28F4305FE001}.Release|x86.Build.0 = Release|Any CPU
		{2B7B2674-6167-4A36-898B-85BE88E79DA2}.Debug|Any CPU.ActiveCfg = Debug|Any CPU
		{2B7B2674-6167-4A36-898B-85BE88E79DA2}.Debug|Any CPU.Build.0 = Debug|Any CPU
		{2B7B2674-6167-4A36-898B-85BE88E79DA2}.Debug|x64.ActiveCfg = Debug|Any CPU
		{2B7B2674-6167-4A36-898B-85BE88E79DA2}.Debug|x64.Build.0 = Debug|Any CPU
		{2B7B2674-6167-4A36-898B-85BE88E79DA2}.Debug|x86.ActiveCfg = Debug|Any CPU
		{2B7B2674-6167-4A36-898B-85BE88E79DA2}.Debug|x86.Build.0 = Debug|Any CPU
		{2B7B2674-6167-4A36-898B-85BE88E79DA2}.Release|Any CPU.ActiveCfg = Release|Any CPU
		{2B7B2674-6167-4A36-898B-85BE88E79DA2}.Release|Any CPU.Build.0 = Release|Any CPU
		{2B7B2674-6167-4A36-898B-85BE88E79DA2}.Release|x64.ActiveCfg = Release|Any CPU
		{2B7B2674-6167-4A36-898B-85BE88E79DA2}.Release|x64.Build.0 = Release|Any CPU
		{2B7B2674-6167-4A36-898B-85BE88E79DA2}.Release|x86.ActiveCfg = Release|Any CPU
		{2B7B2674-6167-4A36-898B-85BE88E79DA2}.Release|x86.Build.0 = Release|Any CPU
		{EFBA878C-65D5-4287-AA4A-7BCCF0AD779C}.Debug|Any CPU.ActiveCfg = Debug|Any CPU
		{EFBA878C-65D5-4287-AA4A-7BCCF0AD779C}.Debug|Any CPU.Build.0 = Debug|Any CPU
		{EFBA878C-65D5-4287-AA4A-7BCCF0AD779C}.Debug|x64.ActiveCfg = Debug|Any CPU
		{EFBA878C-65D5-4287-AA4A-7BCCF0AD779C}.Debug|x64.Build.0 = Debug|Any CPU
		{EFBA878C-65D5-4287-AA4A-7BCCF0AD779C}.Debug|x86.ActiveCfg = Debug|Any CPU
		{EFBA878C-65D5-4287-AA4A-7BCCF0AD779C}.Debug|x86.Build.0 = Debug|Any CPU
		{EFBA878C-65D5-4287-AA4A-7BCCF0AD779C}.Release|Any CPU.ActiveCfg = Release|Any CPU
		{EFBA878C-65D5-4287-AA4A-7BCCF0AD779C}.Release|Any CPU.Build.0 = Release|Any CPU
		{EFBA878C-65D5-4287-AA4A-7BCCF0AD779C}.Release|x64.ActiveCfg = Release|Any CPU
		{EFBA878C-65D5-4287-AA4A-7BCCF0AD779C}.Release|x64.Build.0 = Release|Any CPU
		{EFBA878C-65D5-4287-AA4A-7BCCF0AD779C}.Release|x86.ActiveCfg = Release|Any CPU
		{EFBA878C-65D5-4287-AA4A-7BCCF0AD779C}.Release|x86.Build.0 = Release|Any CPU
		{A2262218-1815-4A9E-B16F-5B4E67BC21E5}.Debug|Any CPU.ActiveCfg = Debug|Any CPU
		{A2262218-1815-4A9E-B16F-5B4E67BC21E5}.Debug|Any CPU.Build.0 = Debug|Any CPU
		{A2262218-1815-4A9E-B16F-5B4E67BC21E5}.Debug|x64.ActiveCfg = Debug|Any CPU
		{A2262218-1815-4A9E-B16F-5B4E67BC21E5}.Debug|x64.Build.0 = Debug|Any CPU
		{A2262218-1815-4A9E-B16F-5B4E67BC21E5}.Debug|x86.ActiveCfg = Debug|Any CPU
		{A2262218-1815-4A9E-B16F-5B4E67BC21E5}.Debug|x86.Build.0 = Debug|Any CPU
		{A2262218-1815-4A9E-B16F-5B4E67BC21E5}.Release|Any CPU.ActiveCfg = Release|Any CPU
		{A2262218-1815-4A9E-B16F-5B4E67BC21E5}.Release|Any CPU.Build.0 = Release|Any CPU
		{A2262218-1815-4A9E-B16F-5B4E67BC21E5}.Release|x64.ActiveCfg = Release|Any CPU
		{A2262218-1815-4A9E-B16F-5B4E67BC21E5}.Release|x64.Build.0 = Release|Any CPU
		{A2262218-1815-4A9E-B16F-5B4E67BC21E5}.Release|x86.ActiveCfg = Release|Any CPU
		{A2262218-1815-4A9E-B16F-5B4E67BC21E5}.Release|x86.Build.0 = Release|Any CPU
		{E8DDDE1E-856C-4F21-8238-C0846DCEADB7}.Debug|Any CPU.ActiveCfg = Debug|Any CPU
		{E8DDDE1E-856C-4F21-8238-C0846DCEADB7}.Debug|Any CPU.Build.0 = Debug|Any CPU
		{E8DDDE1E-856C-4F21-8238-C0846DCEADB7}.Debug|x64.ActiveCfg = Debug|Any CPU
		{E8DDDE1E-856C-4F21-8238-C0846DCEADB7}.Debug|x64.Build.0 = Debug|Any CPU
		{E8DDDE1E-856C-4F21-8238-C0846DCEADB7}.Debug|x86.ActiveCfg = Debug|Any CPU
		{E8DDDE1E-856C-4F21-8238-C0846DCEADB7}.Debug|x86.Build.0 = Debug|Any CPU
		{E8DDDE1E-856C-4F21-8238-C0846DCEADB7}.Release|Any CPU.ActiveCfg = Release|Any CPU
		{E8DDDE1E-856C-4F21-8238-C0846DCEADB7}.Release|Any CPU.Build.0 = Release|Any CPU
		{E8DDDE1E-856C-4F21-8238-C0846DCEADB7}.Release|x64.ActiveCfg = Release|Any CPU
		{E8DDDE1E-856C-4F21-8238-C0846DCEADB7}.Release|x64.Build.0 = Release|Any CPU
		{E8DDDE1E-856C-4F21-8238-C0846DCEADB7}.Release|x86.ActiveCfg = Release|Any CPU
		{E8DDDE1E-856C-4F21-8238-C0846DCEADB7}.Release|x86.Build.0 = Release|Any CPU
		{99D1F8B7-CC1B-435C-9F12-2EC70843B49E}.Debug|Any CPU.ActiveCfg = Debug|Any CPU
		{99D1F8B7-CC1B-435C-9F12-2EC70843B49E}.Debug|Any CPU.Build.0 = Debug|Any CPU
		{99D1F8B7-CC1B-435C-9F12-2EC70843B49E}.Debug|x64.ActiveCfg = Debug|Any CPU
		{99D1F8B7-CC1B-435C-9F12-2EC70843B49E}.Debug|x64.Build.0 = Debug|Any CPU
		{99D1F8B7-CC1B-435C-9F12-2EC70843B49E}.Debug|x86.ActiveCfg = Debug|Any CPU
		{99D1F8B7-CC1B-435C-9F12-2EC70843B49E}.Debug|x86.Build.0 = Debug|Any CPU
		{99D1F8B7-CC1B-435C-9F12-2EC70843B49E}.Release|Any CPU.ActiveCfg = Release|Any CPU
		{99D1F8B7-CC1B-435C-9F12-2EC70843B49E}.Release|Any CPU.Build.0 = Release|Any CPU
		{99D1F8B7-CC1B-435C-9F12-2EC70843B49E}.Release|x64.ActiveCfg = Release|Any CPU
		{99D1F8B7-CC1B-435C-9F12-2EC70843B49E}.Release|x64.Build.0 = Release|Any CPU
		{99D1F8B7-CC1B-435C-9F12-2EC70843B49E}.Release|x86.ActiveCfg = Release|Any CPU
		{99D1F8B7-CC1B-435C-9F12-2EC70843B49E}.Release|x86.Build.0 = Release|Any CPU
		{DCB461E1-F218-41BD-A60C-3DA5850280E7}.Debug|Any CPU.ActiveCfg = Debug|Any CPU
		{DCB461E1-F218-41BD-A60C-3DA5850280E7}.Debug|Any CPU.Build.0 = Debug|Any CPU
		{DCB461E1-F218-41BD-A60C-3DA5850280E7}.Debug|x64.ActiveCfg = Debug|Any CPU
		{DCB461E1-F218-41BD-A60C-3DA5850280E7}.Debug|x64.Build.0 = Debug|Any CPU
		{DCB461E1-F218-41BD-A60C-3DA5850280E7}.Debug|x86.ActiveCfg = Debug|Any CPU
		{DCB461E1-F218-41BD-A60C-3DA5850280E7}.Debug|x86.Build.0 = Debug|Any CPU
		{DCB461E1-F218-41BD-A60C-3DA5850280E7}.Release|Any CPU.ActiveCfg = Release|Any CPU
		{DCB461E1-F218-41BD-A60C-3DA5850280E7}.Release|Any CPU.Build.0 = Release|Any CPU
		{DCB461E1-F218-41BD-A60C-3DA5850280E7}.Release|x64.ActiveCfg = Release|Any CPU
		{DCB461E1-F218-41BD-A60C-3DA5850280E7}.Release|x64.Build.0 = Release|Any CPU
		{DCB461E1-F218-41BD-A60C-3DA5850280E7}.Release|x86.ActiveCfg = Release|Any CPU
		{DCB461E1-F218-41BD-A60C-3DA5850280E7}.Release|x86.Build.0 = Release|Any CPU
		{8AD8D13F-D45B-44FF-8E5D-514464EB6101}.Debug|Any CPU.ActiveCfg = Debug|Any CPU
		{8AD8D13F-D45B-44FF-8E5D-514464EB6101}.Debug|Any CPU.Build.0 = Debug|Any CPU
		{8AD8D13F-D45B-44FF-8E5D-514464EB6101}.Debug|x64.ActiveCfg = Debug|Any CPU
		{8AD8D13F-D45B-44FF-8E5D-514464EB6101}.Debug|x64.Build.0 = Debug|Any CPU
		{8AD8D13F-D45B-44FF-8E5D-514464EB6101}.Debug|x86.ActiveCfg = Debug|Any CPU
		{8AD8D13F-D45B-44FF-8E5D-514464EB6101}.Debug|x86.Build.0 = Debug|Any CPU
		{8AD8D13F-D45B-44FF-8E5D-514464EB6101}.Release|Any CPU.ActiveCfg = Release|Any CPU
		{8AD8D13F-D45B-44FF-8E5D-514464EB6101}.Release|Any CPU.Build.0 = Release|Any CPU
		{8AD8D13F-D45B-44FF-8E5D-514464EB6101}.Release|x64.ActiveCfg = Release|Any CPU
		{8AD8D13F-D45B-44FF-8E5D-514464EB6101}.Release|x64.Build.0 = Release|Any CPU
		{8AD8D13F-D45B-44FF-8E5D-514464EB6101}.Release|x86.ActiveCfg = Release|Any CPU
		{8AD8D13F-D45B-44FF-8E5D-514464EB6101}.Release|x86.Build.0 = Release|Any CPU
		{2C87E8F6-70BF-434D-A9CD-BE8D60C06849}.Debug|Any CPU.ActiveCfg = Debug|Any CPU
		{2C87E8F6-70BF-434D-A9CD-BE8D60C06849}.Debug|Any CPU.Build.0 = Debug|Any CPU
		{2C87E8F6-70BF-434D-A9CD-BE8D60C06849}.Debug|x64.ActiveCfg = Debug|Any CPU
		{2C87E8F6-70BF-434D-A9CD-BE8D60C06849}.Debug|x64.Build.0 = Debug|Any CPU
		{2C87E8F6-70BF-434D-A9CD-BE8D60C06849}.Debug|x86.ActiveCfg = Debug|Any CPU
		{2C87E8F6-70BF-434D-A9CD-BE8D60C06849}.Debug|x86.Build.0 = Debug|Any CPU
		{2C87E8F6-70BF-434D-A9CD-BE8D60C06849}.Release|Any CPU.ActiveCfg = Release|Any CPU
		{2C87E8F6-70BF-434D-A9CD-BE8D60C06849}.Release|Any CPU.Build.0 = Release|Any CPU
		{2C87E8F6-70BF-434D-A9CD-BE8D60C06849}.Release|x64.ActiveCfg = Release|Any CPU
		{2C87E8F6-70BF-434D-A9CD-BE8D60C06849}.Release|x64.Build.0 = Release|Any CPU
		{2C87E8F6-70BF-434D-A9CD-BE8D60C06849}.Release|x86.ActiveCfg = Release|Any CPU
		{2C87E8F6-70BF-434D-A9CD-BE8D60C06849}.Release|x86.Build.0 = Release|Any CPU
		{3E7B3D13-9477-4F54-BA5B-DB5722FCD416}.Debug|Any CPU.ActiveCfg = Debug|Any CPU
		{3E7B3D13-9477-4F54-BA5B-DB5722FCD416}.Debug|Any CPU.Build.0 = Debug|Any CPU
		{3E7B3D13-9477-4F54-BA5B-DB5722FCD416}.Debug|x64.ActiveCfg = Debug|Any CPU
		{3E7B3D13-9477-4F54-BA5B-DB5722FCD416}.Debug|x64.Build.0 = Debug|Any CPU
		{3E7B3D13-9477-4F54-BA5B-DB5722FCD416}.Debug|x86.ActiveCfg = Debug|Any CPU
		{3E7B3D13-9477-4F54-BA5B-DB5722FCD416}.Debug|x86.Build.0 = Debug|Any CPU
		{3E7B3D13-9477-4F54-BA5B-DB5722FCD416}.Release|Any CPU.ActiveCfg = Release|Any CPU
		{3E7B3D13-9477-4F54-BA5B-DB5722FCD416}.Release|Any CPU.Build.0 = Release|Any CPU
		{3E7B3D13-9477-4F54-BA5B-DB5722FCD416}.Release|x64.ActiveCfg = Release|Any CPU
		{3E7B3D13-9477-4F54-BA5B-DB5722FCD416}.Release|x64.Build.0 = Release|Any CPU
		{3E7B3D13-9477-4F54-BA5B-DB5722FCD416}.Release|x86.ActiveCfg = Release|Any CPU
		{3E7B3D13-9477-4F54-BA5B-DB5722FCD416}.Release|x86.Build.0 = Release|Any CPU
		{D16EA5EB-7AC7-4A10-88F3-92E978338A8F}.Debug|Any CPU.ActiveCfg = Debug|Win32
		{D16EA5EB-7AC7-4A10-88F3-92E978338A8F}.Debug|x64.ActiveCfg = Debug|x64
		{D16EA5EB-7AC7-4A10-88F3-92E978338A8F}.Debug|x64.Build.0 = Debug|x64
		{D16EA5EB-7AC7-4A10-88F3-92E978338A8F}.Debug|x86.ActiveCfg = Debug|Win32
		{D16EA5EB-7AC7-4A10-88F3-92E978338A8F}.Debug|x86.Build.0 = Debug|Win32
		{D16EA5EB-7AC7-4A10-88F3-92E978338A8F}.Release|Any CPU.ActiveCfg = Release|Win32
		{D16EA5EB-7AC7-4A10-88F3-92E978338A8F}.Release|x64.ActiveCfg = Release|x64
		{D16EA5EB-7AC7-4A10-88F3-92E978338A8F}.Release|x64.Build.0 = Release|x64
		{D16EA5EB-7AC7-4A10-88F3-92E978338A8F}.Release|x86.ActiveCfg = Release|Win32
		{D16EA5EB-7AC7-4A10-88F3-92E978338A8F}.Release|x86.Build.0 = Release|Win32
		{92339071-149E-4852-B377-A5180B9D67EF}.Debug|Any CPU.ActiveCfg = Debug|Any CPU
		{92339071-149E-4852-B377-A5180B9D67EF}.Debug|Any CPU.Build.0 = Debug|Any CPU
		{92339071-149E-4852-B377-A5180B9D67EF}.Debug|x64.ActiveCfg = Debug|Any CPU
		{92339071-149E-4852-B377-A5180B9D67EF}.Debug|x64.Build.0 = Debug|Any CPU
		{92339071-149E-4852-B377-A5180B9D67EF}.Debug|x86.ActiveCfg = Debug|Any CPU
		{92339071-149E-4852-B377-A5180B9D67EF}.Debug|x86.Build.0 = Debug|Any CPU
		{92339071-149E-4852-B377-A5180B9D67EF}.Release|Any CPU.ActiveCfg = Release|Any CPU
		{92339071-149E-4852-B377-A5180B9D67EF}.Release|Any CPU.Build.0 = Release|Any CPU
		{92339071-149E-4852-B377-A5180B9D67EF}.Release|x64.ActiveCfg = Release|Any CPU
		{92339071-149E-4852-B377-A5180B9D67EF}.Release|x64.Build.0 = Release|Any CPU
		{92339071-149E-4852-B377-A5180B9D67EF}.Release|x86.ActiveCfg = Release|Any CPU
		{92339071-149E-4852-B377-A5180B9D67EF}.Release|x86.Build.0 = Release|Any CPU
		{9DEC2AEF-24CF-4499-B0D0-0D682F827B35}.Debug|Any CPU.ActiveCfg = Debug|Any CPU
		{9DEC2AEF-24CF-4499-B0D0-0D682F827B35}.Debug|Any CPU.Build.0 = Debug|Any CPU
		{9DEC2AEF-24CF-4499-B0D0-0D682F827B35}.Debug|x64.ActiveCfg = Debug|Any CPU
		{9DEC2AEF-24CF-4499-B0D0-0D682F827B35}.Debug|x64.Build.0 = Debug|Any CPU
		{9DEC2AEF-24CF-4499-B0D0-0D682F827B35}.Debug|x86.ActiveCfg = Debug|Any CPU
		{9DEC2AEF-24CF-4499-B0D0-0D682F827B35}.Debug|x86.Build.0 = Debug|Any CPU
		{9DEC2AEF-24CF-4499-B0D0-0D682F827B35}.Release|Any CPU.ActiveCfg = Release|Any CPU
		{9DEC2AEF-24CF-4499-B0D0-0D682F827B35}.Release|Any CPU.Build.0 = Release|Any CPU
		{9DEC2AEF-24CF-4499-B0D0-0D682F827B35}.Release|x64.ActiveCfg = Release|Any CPU
		{9DEC2AEF-24CF-4499-B0D0-0D682F827B35}.Release|x64.Build.0 = Release|Any CPU
		{9DEC2AEF-24CF-4499-B0D0-0D682F827B35}.Release|x86.ActiveCfg = Release|Any CPU
		{9DEC2AEF-24CF-4499-B0D0-0D682F827B35}.Release|x86.Build.0 = Release|Any CPU
		{1DFE401E-45C5-4D0B-A8FC-D71804471BAA}.Debug|Any CPU.ActiveCfg = Debug|Any CPU
		{1DFE401E-45C5-4D0B-A8FC-D71804471BAA}.Debug|Any CPU.Build.0 = Debug|Any CPU
		{1DFE401E-45C5-4D0B-A8FC-D71804471BAA}.Debug|x64.ActiveCfg = Debug|Any CPU
		{1DFE401E-45C5-4D0B-A8FC-D71804471BAA}.Debug|x64.Build.0 = Debug|Any CPU
		{1DFE401E-45C5-4D0B-A8FC-D71804471BAA}.Debug|x86.ActiveCfg = Debug|Any CPU
		{1DFE401E-45C5-4D0B-A8FC-D71804471BAA}.Debug|x86.Build.0 = Debug|Any CPU
		{1DFE401E-45C5-4D0B-A8FC-D71804471BAA}.Release|Any CPU.ActiveCfg = Release|Any CPU
		{1DFE401E-45C5-4D0B-A8FC-D71804471BAA}.Release|Any CPU.Build.0 = Release|Any CPU
		{1DFE401E-45C5-4D0B-A8FC-D71804471BAA}.Release|x64.ActiveCfg = Release|Any CPU
		{1DFE401E-45C5-4D0B-A8FC-D71804471BAA}.Release|x64.Build.0 = Release|Any CPU
		{1DFE401E-45C5-4D0B-A8FC-D71804471BAA}.Release|x86.ActiveCfg = Release|Any CPU
		{1DFE401E-45C5-4D0B-A8FC-D71804471BAA}.Release|x86.Build.0 = Release|Any CPU
		{BD6C38A2-DFCD-40A2-8EC4-EE2013B900F2}.Debug|Any CPU.ActiveCfg = Debug|Any CPU
		{BD6C38A2-DFCD-40A2-8EC4-EE2013B900F2}.Debug|Any CPU.Build.0 = Debug|Any CPU
		{BD6C38A2-DFCD-40A2-8EC4-EE2013B900F2}.Debug|x64.ActiveCfg = Debug|Any CPU
		{BD6C38A2-DFCD-40A2-8EC4-EE2013B900F2}.Debug|x64.Build.0 = Debug|Any CPU
		{BD6C38A2-DFCD-40A2-8EC4-EE2013B900F2}.Debug|x86.ActiveCfg = Debug|Any CPU
		{BD6C38A2-DFCD-40A2-8EC4-EE2013B900F2}.Debug|x86.Build.0 = Debug|Any CPU
		{BD6C38A2-DFCD-40A2-8EC4-EE2013B900F2}.Release|Any CPU.ActiveCfg = Release|Any CPU
		{BD6C38A2-DFCD-40A2-8EC4-EE2013B900F2}.Release|Any CPU.Build.0 = Release|Any CPU
		{BD6C38A2-DFCD-40A2-8EC4-EE2013B900F2}.Release|x64.ActiveCfg = Release|Any CPU
		{BD6C38A2-DFCD-40A2-8EC4-EE2013B900F2}.Release|x64.Build.0 = Release|Any CPU
		{BD6C38A2-DFCD-40A2-8EC4-EE2013B900F2}.Release|x86.ActiveCfg = Release|Any CPU
		{BD6C38A2-DFCD-40A2-8EC4-EE2013B900F2}.Release|x86.Build.0 = Release|Any CPU
		{CAE45598-AB41-4B4F-BB38-BA678F24BF39}.Debug|Any CPU.ActiveCfg = Debug|Any CPU
		{CAE45598-AB41-4B4F-BB38-BA678F24BF39}.Debug|Any CPU.Build.0 = Debug|Any CPU
		{CAE45598-AB41-4B4F-BB38-BA678F24BF39}.Debug|x64.ActiveCfg = Debug|Any CPU
		{CAE45598-AB41-4B4F-BB38-BA678F24BF39}.Debug|x64.Build.0 = Debug|Any CPU
		{CAE45598-AB41-4B4F-BB38-BA678F24BF39}.Debug|x86.ActiveCfg = Debug|Any CPU
		{CAE45598-AB41-4B4F-BB38-BA678F24BF39}.Debug|x86.Build.0 = Debug|Any CPU
		{CAE45598-AB41-4B4F-BB38-BA678F24BF39}.Release|Any CPU.ActiveCfg = Release|Any CPU
		{CAE45598-AB41-4B4F-BB38-BA678F24BF39}.Release|Any CPU.Build.0 = Release|Any CPU
		{CAE45598-AB41-4B4F-BB38-BA678F24BF39}.Release|x64.ActiveCfg = Release|Any CPU
		{CAE45598-AB41-4B4F-BB38-BA678F24BF39}.Release|x64.Build.0 = Release|Any CPU
		{CAE45598-AB41-4B4F-BB38-BA678F24BF39}.Release|x86.ActiveCfg = Release|Any CPU
		{CAE45598-AB41-4B4F-BB38-BA678F24BF39}.Release|x86.Build.0 = Release|Any CPU
		{98C69A84-380B-4485-9A3F-4477AF375F3E}.Debug|Any CPU.ActiveCfg = Debug|Any CPU
		{98C69A84-380B-4485-9A3F-4477AF375F3E}.Debug|Any CPU.Build.0 = Debug|Any CPU
		{98C69A84-380B-4485-9A3F-4477AF375F3E}.Debug|x64.ActiveCfg = Debug|Any CPU
		{98C69A84-380B-4485-9A3F-4477AF375F3E}.Debug|x64.Build.0 = Debug|Any CPU
		{98C69A84-380B-4485-9A3F-4477AF375F3E}.Debug|x86.ActiveCfg = Debug|Any CPU
		{98C69A84-380B-4485-9A3F-4477AF375F3E}.Debug|x86.Build.0 = Debug|Any CPU
		{98C69A84-380B-4485-9A3F-4477AF375F3E}.Release|Any CPU.ActiveCfg = Release|Any CPU
		{98C69A84-380B-4485-9A3F-4477AF375F3E}.Release|Any CPU.Build.0 = Release|Any CPU
		{98C69A84-380B-4485-9A3F-4477AF375F3E}.Release|x64.ActiveCfg = Release|Any CPU
		{98C69A84-380B-4485-9A3F-4477AF375F3E}.Release|x64.Build.0 = Release|Any CPU
		{98C69A84-380B-4485-9A3F-4477AF375F3E}.Release|x86.ActiveCfg = Release|Any CPU
		{98C69A84-380B-4485-9A3F-4477AF375F3E}.Release|x86.Build.0 = Release|Any CPU
		{86374533-53EB-46F6-BCD0-32F35682DA8E}.Debug|Any CPU.ActiveCfg = Debug|Any CPU
		{86374533-53EB-46F6-BCD0-32F35682DA8E}.Debug|Any CPU.Build.0 = Debug|Any CPU
		{86374533-53EB-46F6-BCD0-32F35682DA8E}.Debug|x64.ActiveCfg = Debug|Any CPU
		{86374533-53EB-46F6-BCD0-32F35682DA8E}.Debug|x64.Build.0 = Debug|Any CPU
		{86374533-53EB-46F6-BCD0-32F35682DA8E}.Debug|x86.ActiveCfg = Debug|Any CPU
		{86374533-53EB-46F6-BCD0-32F35682DA8E}.Debug|x86.Build.0 = Debug|Any CPU
		{86374533-53EB-46F6-BCD0-32F35682DA8E}.Release|Any CPU.ActiveCfg = Release|Any CPU
		{86374533-53EB-46F6-BCD0-32F35682DA8E}.Release|Any CPU.Build.0 = Release|Any CPU
		{86374533-53EB-46F6-BCD0-32F35682DA8E}.Release|x64.ActiveCfg = Release|Any CPU
		{86374533-53EB-46F6-BCD0-32F35682DA8E}.Release|x64.Build.0 = Release|Any CPU
		{86374533-53EB-46F6-BCD0-32F35682DA8E}.Release|x86.ActiveCfg = Release|Any CPU
		{86374533-53EB-46F6-BCD0-32F35682DA8E}.Release|x86.Build.0 = Release|Any CPU
		{EDC844DB-087B-4E07-B53A-CF466F914569}.Debug|Any CPU.ActiveCfg = Debug|Any CPU
		{EDC844DB-087B-4E07-B53A-CF466F914569}.Debug|Any CPU.Build.0 = Debug|Any CPU
		{EDC844DB-087B-4E07-B53A-CF466F914569}.Debug|x64.ActiveCfg = Debug|Any CPU
		{EDC844DB-087B-4E07-B53A-CF466F914569}.Debug|x64.Build.0 = Debug|Any CPU
		{EDC844DB-087B-4E07-B53A-CF466F914569}.Debug|x86.ActiveCfg = Debug|Any CPU
		{EDC844DB-087B-4E07-B53A-CF466F914569}.Debug|x86.Build.0 = Debug|Any CPU
		{EDC844DB-087B-4E07-B53A-CF466F914569}.Release|Any CPU.ActiveCfg = Release|Any CPU
		{EDC844DB-087B-4E07-B53A-CF466F914569}.Release|Any CPU.Build.0 = Release|Any CPU
		{EDC844DB-087B-4E07-B53A-CF466F914569}.Release|x64.ActiveCfg = Release|Any CPU
		{EDC844DB-087B-4E07-B53A-CF466F914569}.Release|x64.Build.0 = Release|Any CPU
		{EDC844DB-087B-4E07-B53A-CF466F914569}.Release|x86.ActiveCfg = Release|Any CPU
		{EDC844DB-087B-4E07-B53A-CF466F914569}.Release|x86.Build.0 = Release|Any CPU
		{AE12B659-4B23-4D7D-A6C3-4ABB578A12B4}.Debug|Any CPU.ActiveCfg = Debug|Any CPU
		{AE12B659-4B23-4D7D-A6C3-4ABB578A12B4}.Debug|Any CPU.Build.0 = Debug|Any CPU
		{AE12B659-4B23-4D7D-A6C3-4ABB578A12B4}.Debug|x64.ActiveCfg = Debug|Any CPU
		{AE12B659-4B23-4D7D-A6C3-4ABB578A12B4}.Debug|x64.Build.0 = Debug|Any CPU
		{AE12B659-4B23-4D7D-A6C3-4ABB578A12B4}.Debug|x86.ActiveCfg = Debug|Any CPU
		{AE12B659-4B23-4D7D-A6C3-4ABB578A12B4}.Debug|x86.Build.0 = Debug|Any CPU
		{AE12B659-4B23-4D7D-A6C3-4ABB578A12B4}.Release|Any CPU.ActiveCfg = Release|Any CPU
		{AE12B659-4B23-4D7D-A6C3-4ABB578A12B4}.Release|Any CPU.Build.0 = Release|Any CPU
		{AE12B659-4B23-4D7D-A6C3-4ABB578A12B4}.Release|x64.ActiveCfg = Release|Any CPU
		{AE12B659-4B23-4D7D-A6C3-4ABB578A12B4}.Release|x64.Build.0 = Release|Any CPU
		{AE12B659-4B23-4D7D-A6C3-4ABB578A12B4}.Release|x86.ActiveCfg = Release|Any CPU
		{AE12B659-4B23-4D7D-A6C3-4ABB578A12B4}.Release|x86.Build.0 = Release|Any CPU
		{14D81732-1F1E-4026-B1C1-7A845ED66930}.Debug|Any CPU.ActiveCfg = Debug|Any CPU
		{14D81732-1F1E-4026-B1C1-7A845ED66930}.Debug|Any CPU.Build.0 = Debug|Any CPU
		{14D81732-1F1E-4026-B1C1-7A845ED66930}.Debug|x64.ActiveCfg = Debug|Any CPU
		{14D81732-1F1E-4026-B1C1-7A845ED66930}.Debug|x64.Build.0 = Debug|Any CPU
		{14D81732-1F1E-4026-B1C1-7A845ED66930}.Debug|x86.ActiveCfg = Debug|Any CPU
		{14D81732-1F1E-4026-B1C1-7A845ED66930}.Debug|x86.Build.0 = Debug|Any CPU
		{14D81732-1F1E-4026-B1C1-7A845ED66930}.Release|Any CPU.ActiveCfg = Release|Any CPU
		{14D81732-1F1E-4026-B1C1-7A845ED66930}.Release|Any CPU.Build.0 = Release|Any CPU
		{14D81732-1F1E-4026-B1C1-7A845ED66930}.Release|x64.ActiveCfg = Release|Any CPU
		{14D81732-1F1E-4026-B1C1-7A845ED66930}.Release|x64.Build.0 = Release|Any CPU
		{14D81732-1F1E-4026-B1C1-7A845ED66930}.Release|x86.ActiveCfg = Release|Any CPU
		{14D81732-1F1E-4026-B1C1-7A845ED66930}.Release|x86.Build.0 = Release|Any CPU
		{F78E2E54-D450-4E21-9D76-DB8A2DB05A40}.Debug|Any CPU.ActiveCfg = Debug|Any CPU
		{F78E2E54-D450-4E21-9D76-DB8A2DB05A40}.Debug|Any CPU.Build.0 = Debug|Any CPU
		{F78E2E54-D450-4E21-9D76-DB8A2DB05A40}.Debug|x64.ActiveCfg = Debug|Any CPU
		{F78E2E54-D450-4E21-9D76-DB8A2DB05A40}.Debug|x64.Build.0 = Debug|Any CPU
		{F78E2E54-D450-4E21-9D76-DB8A2DB05A40}.Debug|x86.ActiveCfg = Debug|Any CPU
		{F78E2E54-D450-4E21-9D76-DB8A2DB05A40}.Debug|x86.Build.0 = Debug|Any CPU
		{F78E2E54-D450-4E21-9D76-DB8A2DB05A40}.Release|Any CPU.ActiveCfg = Release|Any CPU
		{F78E2E54-D450-4E21-9D76-DB8A2DB05A40}.Release|Any CPU.Build.0 = Release|Any CPU
		{F78E2E54-D450-4E21-9D76-DB8A2DB05A40}.Release|x64.ActiveCfg = Release|Any CPU
		{F78E2E54-D450-4E21-9D76-DB8A2DB05A40}.Release|x64.Build.0 = Release|Any CPU
		{F78E2E54-D450-4E21-9D76-DB8A2DB05A40}.Release|x86.ActiveCfg = Release|Any CPU
		{F78E2E54-D450-4E21-9D76-DB8A2DB05A40}.Release|x86.Build.0 = Release|Any CPU
	EndGlobalSection
	GlobalSection(SolutionProperties) = preSolution
		HideSolutionNode = FALSE
	EndGlobalSection
	GlobalSection(NestedProjects) = preSolution
		{293B988C-D910-43BF-BDA2-FC89E4671F45} = {9B51D0C5-B6FB-4AFF-B320-DB7B058A6080}
		{C5B60561-B1F0-4EE1-9AA7-28F4305FE001} = {9B51D0C5-B6FB-4AFF-B320-DB7B058A6080}
		{2B7B2674-6167-4A36-898B-85BE88E79DA2} = {752ACEDB-BDA1-4169-BC18-3B5FE28E2A64}
		{EFBA878C-65D5-4287-AA4A-7BCCF0AD779C} = {752ACEDB-BDA1-4169-BC18-3B5FE28E2A64}
		{A2262218-1815-4A9E-B16F-5B4E67BC21E5} = {752ACEDB-BDA1-4169-BC18-3B5FE28E2A64}
		{E8DDDE1E-856C-4F21-8238-C0846DCEADB7} = {752ACEDB-BDA1-4169-BC18-3B5FE28E2A64}
		{99D1F8B7-CC1B-435C-9F12-2EC70843B49E} = {752ACEDB-BDA1-4169-BC18-3B5FE28E2A64}
		{DCB461E1-F218-41BD-A60C-3DA5850280E7} = {752ACEDB-BDA1-4169-BC18-3B5FE28E2A64}
		{8AD8D13F-D45B-44FF-8E5D-514464EB6101} = {752ACEDB-BDA1-4169-BC18-3B5FE28E2A64}
		{2C87E8F6-70BF-434D-A9CD-BE8D60C06849} = {752ACEDB-BDA1-4169-BC18-3B5FE28E2A64}
		{3E7B3D13-9477-4F54-BA5B-DB5722FCD416} = {752ACEDB-BDA1-4169-BC18-3B5FE28E2A64}
		{D16EA5EB-7AC7-4A10-88F3-92E978338A8F} = {B7FB6284-1BB2-4579-9EF1-86DE0EF8254D}
		{92339071-149E-4852-B377-A5180B9D67EF} = {B7FB6284-1BB2-4579-9EF1-86DE0EF8254D}
		{9DEC2AEF-24CF-4499-B0D0-0D682F827B35} = {B7FB6284-1BB2-4579-9EF1-86DE0EF8254D}
		{1DFE401E-45C5-4D0B-A8FC-D71804471BAA} = {B7FB6284-1BB2-4579-9EF1-86DE0EF8254D}
		{BD6C38A2-DFCD-40A2-8EC4-EE2013B900F2} = {9B51D0C5-B6FB-4AFF-B320-DB7B058A6080}
		{CAE45598-AB41-4B4F-BB38-BA678F24BF39} = {9B51D0C5-B6FB-4AFF-B320-DB7B058A6080}
		{98C69A84-380B-4485-9A3F-4477AF375F3E} = {9B51D0C5-B6FB-4AFF-B320-DB7B058A6080}
		{86374533-53EB-46F6-BCD0-32F35682DA8E} = {9B51D0C5-B6FB-4AFF-B320-DB7B058A6080}
		{EDC844DB-087B-4E07-B53A-CF466F914569} = {752ACEDB-BDA1-4169-BC18-3B5FE28E2A64}
		{AE12B659-4B23-4D7D-A6C3-4ABB578A12B4} = {DD437C93-5B84-4994-9D1D-B24067E4FE22}
		{14D81732-1F1E-4026-B1C1-7A845ED66930} = {9B51D0C5-B6FB-4AFF-B320-DB7B058A6080}
		{F78E2E54-D450-4E21-9D76-DB8A2DB05A40} = {753EA8BA-CD0F-4F0B-90D1-0E0D2187B3BC}
	EndGlobalSection
EndGlobal
